
Microsoft Visual Studio Solution File, Format Version 12.00
# Visual Studio Version 16
VisualStudioVersion = 16.0.32510.428
MinimumVisualStudioVersion = 10.0.40219.1
Project("{FAE04EC0-301F-11D3-BF4B-00C04F79EFBC}") = "WPFCaliburnApp", "WPFCaliburnApp.csproj", "{144AB60B-4DC0-4DF4-9E34-7DB01F4F03A1}"
EndProject
Global
	GlobalSection(SolutionConfigurationPlatforms) = preSolution
		Debug|Any CPU = Debug|Any CPU
		Release|Any CPU = Release|Any CPU
	EndGlobalSection
	GlobalSection(ProjectConfigurationPlatforms) = postSolution
		{144AB60B-4DC0-4DF4-9E34-7DB01F4F03A1}.Debug|Any CPU.ActiveCfg = Debug|Any CPU
		{144AB60B-4DC0-4DF4-9E34-7DB01F4F03A1}.Debug|Any CPU.Build.0 = Debug|Any CPU
		{144AB60B-4DC0-4DF4-9E34-7DB01F4F03A1}.Release|Any CPU.ActiveCfg = Release|Any CPU
		{144AB60B-4DC0-4DF4-9E34-7DB01F4F03A1}.Release|Any CPU.Build.0 = Release|Any CPU
	EndGlobalSection
	GlobalSection(SolutionProperties) = preSolution
		HideSolutionNode = FALSE
	EndGlobalSection
	GlobalSection(ExtensibilityGlobals) = postSolution
		SolutionGuid = {54651A0F-B1EB-4359-B457-D62CA239CDBC}
	EndGlobalSection
EndGlobal
