
Microsoft Visual Studio Solution File, Format Version 12.00
# Visual Studio Version 16
VisualStudioVersion = 16.0.32510.428
MinimumVisualStudioVersion = 10.0.40219.1
Project("{FAE04EC0-301F-11D3-BF4B-00C04F79EFBC}") = "WPFMvvmApp", "WPFMvvmApp.csproj", "{64AC623E-020A-4C35-83C1-856AA637D21D}"
EndProject
Global
	GlobalSection(SolutionConfigurationPlatforms) = preSolution
		Debug|Any CPU = Debug|Any CPU
		Release|Any CPU = Release|Any CPU
	EndGlobalSection
	GlobalSection(ProjectConfigurationPlatforms) = postSolution
		{64AC623E-020A-4C35-83C1-856AA637D21D}.Debug|Any CPU.ActiveCfg = Debug|Any CPU
		{64AC623E-020A-4C35-83C1-856AA637D21D}.Debug|Any CPU.Build.0 = Debug|Any CPU
		{64AC623E-020A-4C35-83C1-856AA637D21D}.Release|Any CPU.ActiveCfg = Release|Any CPU
		{64AC623E-020A-4C35-83C1-856AA637D21D}.Release|Any CPU.Build.0 = Release|Any CPU
	EndGlobalSection
	GlobalSection(SolutionProperties) = preSolution
		HideSolutionNode = FALSE
	EndGlobalSection
	GlobalSection(ExtensibilityGlobals) = postSolution
		SolutionGuid = {68650A2A-2656-409E-8F13-D005CAF62826}
	EndGlobalSection
EndGlobal
